
Microsoft Visual Studio Solution File, Format Version 12.00
# Visual Studio Version 17
VisualStudioVersion = 17.11.35303.130
MinimumVisualStudioVersion = 10.0.40219.1
Project("{FAE04EC0-301F-11D3-BF4B-00C04F79EFBC}") = "Week13SQLiteDB", "Week13SQLiteDB\Week13SQLiteDB.csproj", "{975CE348-376A-453D-8AE1-CAC072F9D703}"
EndProject
Global
	GlobalSection(SolutionConfigurationPlatforms) = preSolution
		Debug|Any CPU = Debug|Any CPU
		Release|Any CPU = Release|Any CPU
	EndGlobalSection
	GlobalSection(ProjectConfigurationPlatforms) = postSolution
		{975CE348-376A-453D-8AE1-CAC072F9D703}.Debug|Any CPU.ActiveCfg = Debug|Any CPU
		{975CE348-376A-453D-8AE1-CAC072F9D703}.Debug|Any CPU.Build.0 = Debug|Any CPU
		{975CE348-376A-453D-8AE1-CAC072F9D703}.Release|Any CPU.ActiveCfg = Release|Any CPU
		{975CE348-376A-453D-8AE1-CAC072F9D703}.Release|Any CPU.Build.0 = Release|Any CPU
	EndGlobalSection
	GlobalSection(SolutionProperties) = preSolution
		HideSolutionNode = FALSE
	EndGlobalSection
	GlobalSection(ExtensibilityGlobals) = postSolution
		SolutionGuid = {B2131AAD-F9FF-48AA-AB8B-806A621D662E}
	EndGlobalSection
EndGlobal
